
Microsoft Visual Studio Solution File, Format Version 12.00
# Visual Studio 15
VisualStudioVersion = 15.0.26124.0
MinimumVisualStudioVersion = 15.0.26124.0
Project("{9A19103F-16F7-4668-BE54-9A1E7A4F7556}") = "R5T.Larissa.Standard.Construction", "R5T.Larissa.Standard.Construction\R5T.Larissa.Standard.Construction.csproj", "{9FD99C02-9049-4EF7-99E0-E4402068F7F6}"
EndProject
Project("{9A19103F-16F7-4668-BE54-9A1E7A4F7556}") = "R5T.Larissa.Standard", "R5T.Larissa.Standard\R5T.Larissa.Standard.csproj", "{57D0EB7C-2F14-4CCC-8463-EAA67124B807}"
EndProject
Project("{9A19103F-16F7-4668-BE54-9A1E7A4F7556}") = "R5T.Larissa.Standard.Testing", "R5T.Larissa.Standard.Testing\R5T.Larissa.Standard.Testing.csproj", "{C2161AB4-9DB8-4E0B-BDD7-30E610B93F51}"
EndProject
Project("{2150E333-8FDC-42A3-9474-1A3956D46DE8}") = "_Dependencies", "_Dependencies", "{D2F8BB0D-5C2B-429E-B5DD-F91702E9B9B4}"
EndProject
Project("{9A19103F-16F7-4668-BE54-9A1E7A4F7556}") = "R5T.Caledonia.Default", "..\..\R5T.Caledonia.Default\source\R5T.Caledonia.Default\R5T.Caledonia.Default.csproj", "{BF0163D0-D479-4FE4-A0DA-23DF26218EA6}"
EndProject
Project("{9A19103F-16F7-4668-BE54-9A1E7A4F7556}") = "R5T.Larissa.Default", "..\..\R5T.Larissa.Default\source\R5T.Larissa.Default\R5T.Larissa.Default.csproj", "{1DC36C26-2D06-4CC8-B423-FF391D35221A}"
EndProject
Project("{9A19103F-16F7-4668-BE54-9A1E7A4F7556}") = "R5T.Larissa.Configuration.Sardinia", "..\..\R5T.Larissa.Configuration.Sardinia\source\R5T.Larissa.Configuration.Sardinia\R5T.Larissa.Configuration.Sardinia.csproj", "{E2573598-6A09-47EB-8B66-858F9E4F80C9}"
EndProject
Project("{9A19103F-16F7-4668-BE54-9A1E7A4F7556}") = "R5T.Larissa.Configuration.Suebia", "..\..\R5T.Larissa.Configuration.Suebia\source\R5T.Larissa.Configuration.Suebia\R5T.Larissa.Configuration.Suebia.csproj", "{D0126EFE-71ED-4833-B2A9-844E9A1AC8BB}"
EndProject
Project("{9A19103F-16F7-4668-BE54-9A1E7A4F7556}") = "R5T.Caledonia.Base", "..\..\R5T.Caledonia.Base\source\R5T.Caledonia.Base\R5T.Caledonia.Base.csproj", "{43B9E3DD-3057-4407-B576-6D486EF8D141}"
EndProject
Project("{9A19103F-16F7-4668-BE54-9A1E7A4F7556}") = "R5T.Caledonia.Types", "..\..\R5T.Caledonia.Types\source\R5T.Caledonia.Types\R5T.Caledonia.Types.csproj", "{A81A75C8-A5FA-4969-A358-1B719B65FB10}"
EndProject
Project("{9A19103F-16F7-4668-BE54-9A1E7A4F7556}") = "R5T.Magyar", "..\..\R5T.Magyar\source\R5T.Magyar\R5T.Magyar.csproj", "{DDEFD2AE-FAA7-44FC-9738-5AC6958D8040}"
EndProject
Project("{9A19103F-16F7-4668-BE54-9A1E7A4F7556}") = "R5T.Larissa.Base", "..\..\R5T.Larissa.Base\source\R5T.Larissa.Base\R5T.Larissa.Base.csproj", "{E3FDDD0A-D642-4D16-9F7B-E21D299FE47D}"
EndProject
Project("{9A19103F-16F7-4668-BE54-9A1E7A4F7556}") = "R5T.Larissa.Commands", "..\..\R5T.Larissa.Commands\source\R5T.Larissa.Commands\R5T.Larissa.Commands.csproj", "{0E5417FE-A3EF-4C6E-B25E-6AF853FD7A7A}"
EndProject
Project("{9A19103F-16F7-4668-BE54-9A1E7A4F7556}") = "R5T.Heraklion", "..\..\R5T.Heraklion\source\R5T.Heraklion\R5T.Heraklion.csproj", "{56854462-2BFB-4423-988E-819F7ED185FE}"
EndProject
Project("{9A19103F-16F7-4668-BE54-9A1E7A4F7556}") = "R5T.Piraeus", "..\..\R5T.Piraeus\source\R5T.Piraeus\R5T.Piraeus.csproj", "{6D36F75B-B557-4717-9EA6-1F7A56631BCB}"
EndProject
Project("{9A19103F-16F7-4668-BE54-9A1E7A4F7556}") = "R5T.Larissa.Configuration", "..\..\R5T.Larissa.Configuration\source\R5T.Larissa.Configuration\R5T.Larissa.Configuration.csproj", "{83F86A08-8D9C-4F55-84F6-ACF1FEDF5853}"
EndProject
Project("{9A19103F-16F7-4668-BE54-9A1E7A4F7556}") = "R5T.Volos", "..\..\R5T.Volos\source\R5T.Volos\R5T.Volos.csproj", "{942C0C05-4D36-4D6F-A9C4-D0EF9DC04D71}"
EndProject
Project("{9A19103F-16F7-4668-BE54-9A1E7A4F7556}") = "R5T.Heraklion.Default", "..\..\R5T.Heraklion.Default\source\R5T.Heraklion.Default\R5T.Heraklion.Default.csproj", "{5CAB9A77-A696-4EFF-8096-8257834E41E7}"
EndProject
Project("{9A19103F-16F7-4668-BE54-9A1E7A4F7556}") = "R5T.Piraeus.StringBuilder", "..\..\R5T.Piraeus.StringBuilder\source\R5T.Piraeus.StringBuilder\R5T.Piraeus.StringBuilder.csproj", "{0CDBF34D-728D-4ED2-B303-1E70E2214C57}"
EndProject
Project("{9A19103F-16F7-4668-BE54-9A1E7A4F7556}") = "R5T.Sardinia", "..\..\R5T.Sardinia\source\R5T.Sardinia\R5T.Sardinia.csproj", "{27DDC5B2-DBE6-488D-A53C-39A6AE0A99A5}"
EndProject
Project("{9A19103F-16F7-4668-BE54-9A1E7A4F7556}") = "R5T.Chamavia", "..\..\R5T.Chamavia\source\R5T.Chamavia\R5T.Chamavia.csproj", "{578FD090-9632-4F23-AF35-BDEB4FB833CF}"
EndProject
Project("{9A19103F-16F7-4668-BE54-9A1E7A4F7556}") = "R5T.Dacia", "..\..\R5T.Dacia\source\R5T.Dacia\R5T.Dacia.csproj", "{44EA53E9-D6A2-4DC5-A4FA-19BFB9F1FC1D}"
EndProject
Project("{9A19103F-16F7-4668-BE54-9A1E7A4F7556}") = "R5T.Opatia", "..\..\R5T.Opatia\source\R5T.Opatia\R5T.Opatia.csproj", "{FAC21051-D5A3-46E2-B1C6-B4C3D06A8EBE}"
EndProject
Project("{9A19103F-16F7-4668-BE54-9A1E7A4F7556}") = "R5T.Suebia.Extensions", "..\..\R5T.Suebia.Extensions\source\R5T.Suebia.Extensions\R5T.Suebia.Extensions.csproj", "{6C91A484-70D6-40B6-8B05-301655F56892}"
EndProject
Project("{9A19103F-16F7-4668-BE54-9A1E7A4F7556}") = "R5T.Suebia.Base", "..\..\R5T.Suebia.Base\source\R5T.Suebia.Base\R5T.Suebia.Base.csproj", "{58594B92-A295-4CF6-B38E-2E27108D9791}"
EndProject
Global
	GlobalSection(SolutionConfigurationPlatforms) = preSolution
		Debug|Any CPU = Debug|Any CPU
		Debug|x64 = Debug|x64
		Debug|x86 = Debug|x86
		Release|Any CPU = Release|Any CPU
		Release|x64 = Release|x64
		Release|x86 = Release|x86
	EndGlobalSection
	GlobalSection(ProjectConfigurationPlatforms) = postSolution
		{9FD99C02-9049-4EF7-99E0-E4402068F7F6}.Debug|Any CPU.ActiveCfg = Debug|Any CPU
		{9FD99C02-9049-4EF7-99E0-E4402068F7F6}.Debug|Any CPU.Build.0 = Debug|Any CPU
		{9FD99C02-9049-4EF7-99E0-E4402068F7F6}.Debug|x64.ActiveCfg = Debug|Any CPU
		{9FD99C02-9049-4EF7-99E0-E4402068F7F6}.Debug|x64.Build.0 = Debug|Any CPU
		{9FD99C02-9049-4EF7-99E0-E4402068F7F6}.Debug|x86.ActiveCfg = Debug|Any CPU
		{9FD99C02-9049-4EF7-99E0-E4402068F7F6}.Debug|x86.Build.0 = Debug|Any CPU
		{9FD99C02-9049-4EF7-99E0-E4402068F7F6}.Release|Any CPU.ActiveCfg = Release|Any CPU
		{9FD99C02-9049-4EF7-99E0-E4402068F7F6}.Release|Any CPU.Build.0 = Release|Any CPU
		{9FD99C02-9049-4EF7-99E0-E4402068F7F6}.Release|x64.ActiveCfg = Release|Any CPU
		{9FD99C02-9049-4EF7-99E0-E4402068F7F6}.Release|x64.Build.0 = Release|Any CPU
		{9FD99C02-9049-4EF7-99E0-E4402068F7F6}.Release|x86.ActiveCfg = Release|Any CPU
		{9FD99C02-9049-4EF7-99E0-E4402068F7F6}.Release|x86.Build.0 = Release|Any CPU
		{57D0EB7C-2F14-4CCC-8463-EAA67124B807}.Debug|Any CPU.ActiveCfg = Debug|Any CPU
		{57D0EB7C-2F14-4CCC-8463-EAA67124B807}.Debug|Any CPU.Build.0 = Debug|Any CPU
		{57D0EB7C-2F14-4CCC-8463-EAA67124B807}.Debug|x64.ActiveCfg = Debug|Any CPU
		{57D0EB7C-2F14-4CCC-8463-EAA67124B807}.Debug|x64.Build.0 = Debug|Any CPU
		{57D0EB7C-2F14-4CCC-8463-EAA67124B807}.Debug|x86.ActiveCfg = Debug|Any CPU
		{57D0EB7C-2F14-4CCC-8463-EAA67124B807}.Debug|x86.Build.0 = Debug|Any CPU
		{57D0EB7C-2F14-4CCC-8463-EAA67124B807}.Release|Any CPU.ActiveCfg = Release|Any CPU
		{57D0EB7C-2F14-4CCC-8463-EAA67124B807}.Release|Any CPU.Build.0 = Release|Any CPU
		{57D0EB7C-2F14-4CCC-8463-EAA67124B807}.Release|x64.ActiveCfg = Release|Any CPU
		{57D0EB7C-2F14-4CCC-8463-EAA67124B807}.Release|x64.Build.0 = Release|Any CPU
		{57D0EB7C-2F14-4CCC-8463-EAA67124B807}.Release|x86.ActiveCfg = Release|Any CPU
		{57D0EB7C-2F14-4CCC-8463-EAA67124B807}.Release|x86.Build.0 = Release|Any CPU
		{C2161AB4-9DB8-4E0B-BDD7-30E610B93F51}.Debug|Any CPU.ActiveCfg = Debug|Any CPU
		{C2161AB4-9DB8-4E0B-BDD7-30E610B93F51}.Debug|Any CPU.Build.0 = Debug|Any CPU
		{C2161AB4-9DB8-4E0B-BDD7-30E610B93F51}.Debug|x64.ActiveCfg = Debug|Any CPU
		{C2161AB4-9DB8-4E0B-BDD7-30E610B93F51}.Debug|x64.Build.0 = Debug|Any CPU
		{C2161AB4-9DB8-4E0B-BDD7-30E610B93F51}.Debug|x86.ActiveCfg = Debug|Any CPU
		{C2161AB4-9DB8-4E0B-BDD7-30E610B93F51}.Debug|x86.Build.0 = Debug|Any CPU
		{C2161AB4-9DB8-4E0B-BDD7-30E610B93F51}.Release|Any CPU.ActiveCfg = Release|Any CPU
		{C2161AB4-9DB8-4E0B-BDD7-30E610B93F51}.Release|Any CPU.Build.0 = Release|Any CPU
		{C2161AB4-9DB8-4E0B-BDD7-30E610B93F51}.Release|x64.ActiveCfg = Release|Any CPU
		{C2161AB4-9DB8-4E0B-BDD7-30E610B93F51}.Release|x64.Build.0 = Release|Any CPU
		{C2161AB4-9DB8-4E0B-BDD7-30E610B93F51}.Release|x86.ActiveCfg = Release|Any CPU
		{C2161AB4-9DB8-4E0B-BDD7-30E610B93F51}.Release|x86.Build.0 = Release|Any CPU
		{BF0163D0-D479-4FE4-A0DA-23DF26218EA6}.Debug|Any CPU.ActiveCfg = Debug|Any CPU
		{BF0163D0-D479-4FE4-A0DA-23DF26218EA6}.Debug|Any CPU.Build.0 = Debug|Any CPU
		{BF0163D0-D479-4FE4-A0DA-23DF26218EA6}.Debug|x64.ActiveCfg = Debug|Any CPU
		{BF0163D0-D479-4FE4-A0DA-23DF26218EA6}.Debug|x64.Build.0 = Debug|Any CPU
		{BF0163D0-D479-4FE4-A0DA-23DF26218EA6}.Debug|x86.ActiveCfg = Debug|Any CPU
		{BF0163D0-D479-4FE4-A0DA-23DF26218EA6}.Debug|x86.Build.0 = Debug|Any CPU
		{BF0163D0-D479-4FE4-A0DA-23DF26218EA6}.Release|Any CPU.ActiveCfg = Release|Any CPU
		{BF0163D0-D479-4FE4-A0DA-23DF26218EA6}.Release|Any CPU.Build.0 = Release|Any CPU
		{BF0163D0-D479-4FE4-A0DA-23DF26218EA6}.Release|x64.ActiveCfg = Release|Any CPU
		{BF0163D0-D479-4FE4-A0DA-23DF26218EA6}.Release|x64.Build.0 = Release|Any CPU
		{BF0163D0-D479-4FE4-A0DA-23DF26218EA6}.Release|x86.ActiveCfg = Release|Any CPU
		{BF0163D0-D479-4FE4-A0DA-23DF26218EA6}.Release|x86.Build.0 = Release|Any CPU
		{1DC36C26-2D06-4CC8-B423-FF391D35221A}.Debug|Any CPU.ActiveCfg = Debug|Any CPU
		{1DC36C26-2D06-4CC8-B423-FF391D35221A}.Debug|Any CPU.Build.0 = Debug|Any CPU
		{1DC36C26-2D06-4CC8-B423-FF391D35221A}.Debug|x64.ActiveCfg = Debug|Any CPU
		{1DC36C26-2D06-4CC8-B423-FF391D35221A}.Debug|x64.Build.0 = Debug|Any CPU
		{1DC36C26-2D06-4CC8-B423-FF391D35221A}.Debug|x86.ActiveCfg = Debug|Any CPU
		{1DC36C26-2D06-4CC8-B423-FF391D35221A}.Debug|x86.Build.0 = Debug|Any CPU
		{1DC36C26-2D06-4CC8-B423-FF391D35221A}.Release|Any CPU.ActiveCfg = Release|Any CPU
		{1DC36C26-2D06-4CC8-B423-FF391D35221A}.Release|Any CPU.Build.0 = Release|Any CPU
		{1DC36C26-2D06-4CC8-B423-FF391D35221A}.Release|x64.ActiveCfg = Release|Any CPU
		{1DC36C26-2D06-4CC8-B423-FF391D35221A}.Release|x64.Build.0 = Release|Any CPU
		{1DC36C26-2D06-4CC8-B423-FF391D35221A}.Release|x86.ActiveCfg = Release|Any CPU
		{1DC36C26-2D06-4CC8-B423-FF391D35221A}.Release|x86.Build.0 = Release|Any CPU
		{E2573598-6A09-47EB-8B66-858F9E4F80C9}.Debug|Any CPU.ActiveCfg = Debug|Any CPU
		{E2573598-6A09-47EB-8B66-858F9E4F80C9}.Debug|Any CPU.Build.0 = Debug|Any CPU
		{E2573598-6A09-47EB-8B66-858F9E4F80C9}.Debug|x64.ActiveCfg = Debug|Any CPU
		{E2573598-6A09-47EB-8B66-858F9E4F80C9}.Debug|x64.Build.0 = Debug|Any CPU
		{E2573598-6A09-47EB-8B66-858F9E4F80C9}.Debug|x86.ActiveCfg = Debug|Any CPU
		{E2573598-6A09-47EB-8B66-858F9E4F80C9}.Debug|x86.Build.0 = Debug|Any CPU
		{E2573598-6A09-47EB-8B66-858F9E4F80C9}.Release|Any CPU.ActiveCfg = Release|Any CPU
		{E2573598-6A09-47EB-8B66-858F9E4F80C9}.Release|Any CPU.Build.0 = Release|Any CPU
		{E2573598-6A09-47EB-8B66-858F9E4F80C9}.Release|x64.ActiveCfg = Release|Any CPU
		{E2573598-6A09-47EB-8B66-858F9E4F80C9}.Release|x64.Build.0 = Release|Any CPU
		{E2573598-6A09-47EB-8B66-858F9E4F80C9}.Release|x86.ActiveCfg = Release|Any CPU
		{E2573598-6A09-47EB-8B66-858F9E4F80C9}.Release|x86.Build.0 = Release|Any CPU
		{D0126EFE-71ED-4833-B2A9-844E9A1AC8BB}.Debug|Any CPU.ActiveCfg = Debug|Any CPU
		{D0126EFE-71ED-4833-B2A9-844E9A1AC8BB}.Debug|Any CPU.Build.0 = Debug|Any CPU
		{D0126EFE-71ED-4833-B2A9-844E9A1AC8BB}.Debug|x64.ActiveCfg = Debug|Any CPU
		{D0126EFE-71ED-4833-B2A9-844E9A1AC8BB}.Debug|x64.Build.0 = Debug|Any CPU
		{D0126EFE-71ED-4833-B2A9-844E9A1AC8BB}.Debug|x86.ActiveCfg = Debug|Any CPU
		{D0126EFE-71ED-4833-B2A9-844E9A1AC8BB}.Debug|x86.Build.0 = Debug|Any CPU
		{D0126EFE-71ED-4833-B2A9-844E9A1AC8BB}.Release|Any CPU.ActiveCfg = Release|Any CPU
		{D0126EFE-71ED-4833-B2A9-844E9A1AC8BB}.Release|Any CPU.Build.0 = Release|Any CPU
		{D0126EFE-71ED-4833-B2A9-844E9A1AC8BB}.Release|x64.ActiveCfg = Release|Any CPU
		{D0126EFE-71ED-4833-B2A9-844E9A1AC8BB}.Release|x64.Build.0 = Release|Any CPU
		{D0126EFE-71ED-4833-B2A9-844E9A1AC8BB}.Release|x86.ActiveCfg = Release|Any CPU
		{D0126EFE-71ED-4833-B2A9-844E9A1AC8BB}.Release|x86.Build.0 = Release|Any CPU
		{43B9E3DD-3057-4407-B576-6D486EF8D141}.Debug|Any CPU.ActiveCfg = Debug|Any CPU
		{43B9E3DD-3057-4407-B576-6D486EF8D141}.Debug|Any CPU.Build.0 = Debug|Any CPU
		{43B9E3DD-3057-4407-B576-6D486EF8D141}.Debug|x64.ActiveCfg = Debug|Any CPU
		{43B9E3DD-3057-4407-B576-6D486EF8D141}.Debug|x64.Build.0 = Debug|Any CPU
		{43B9E3DD-3057-4407-B576-6D486EF8D141}.Debug|x86.ActiveCfg = Debug|Any CPU
		{43B9E3DD-3057-4407-B576-6D486EF8D141}.Debug|x86.Build.0 = Debug|Any CPU
		{43B9E3DD-3057-4407-B576-6D486EF8D141}.Release|Any CPU.ActiveCfg = Release|Any CPU
		{43B9E3DD-3057-4407-B576-6D486EF8D141}.Release|Any CPU.Build.0 = Release|Any CPU
		{43B9E3DD-3057-4407-B576-6D486EF8D141}.Release|x64.ActiveCfg = Release|Any CPU
		{43B9E3DD-3057-4407-B576-6D486EF8D141}.Release|x64.Build.0 = Release|Any CPU
		{43B9E3DD-3057-4407-B576-6D486EF8D141}.Release|x86.ActiveCfg = Release|Any CPU
		{43B9E3DD-3057-4407-B576-6D486EF8D141}.Release|x86.Build.0 = Release|Any CPU
		{A81A75C8-A5FA-4969-A358-1B719B65FB10}.Debug|Any CPU.ActiveCfg = Debug|Any CPU
		{A81A75C8-A5FA-4969-A358-1B719B65FB10}.Debug|Any CPU.Build.0 = Debug|Any CPU
		{A81A75C8-A5FA-4969-A358-1B719B65FB10}.Debug|x64.ActiveCfg = Debug|Any CPU
		{A81A75C8-A5FA-4969-A358-1B719B65FB10}.Debug|x64.Build.0 = Debug|Any CPU
		{A81A75C8-A5FA-4969-A358-1B719B65FB10}.Debug|x86.ActiveCfg = Debug|Any CPU
		{A81A75C8-A5FA-4969-A358-1B719B65FB10}.Debug|x86.Build.0 = Debug|Any CPU
		{A81A75C8-A5FA-4969-A358-1B719B65FB10}.Release|Any CPU.ActiveCfg = Release|Any CPU
		{A81A75C8-A5FA-4969-A358-1B719B65FB10}.Release|Any CPU.Build.0 = Release|Any CPU
		{A81A75C8-A5FA-4969-A358-1B719B65FB10}.Release|x64.ActiveCfg = Release|Any CPU
		{A81A75C8-A5FA-4969-A358-1B719B65FB10}.Release|x64.Build.0 = Release|Any CPU
		{A81A75C8-A5FA-4969-A358-1B719B65FB10}.Release|x86.ActiveCfg = Release|Any CPU
		{A81A75C8-A5FA-4969-A358-1B719B65FB10}.Release|x86.Build.0 = Release|Any CPU
		{DDEFD2AE-FAA7-44FC-9738-5AC6958D8040}.Debug|Any CPU.ActiveCfg = Debug|Any CPU
		{DDEFD2AE-FAA7-44FC-9738-5AC6958D8040}.Debug|Any CPU.Build.0 = Debug|Any CPU
		{DDEFD2AE-FAA7-44FC-9738-5AC6958D8040}.Debug|x64.ActiveCfg = Debug|Any CPU
		{DDEFD2AE-FAA7-44FC-9738-5AC6958D8040}.Debug|x64.Build.0 = Debug|Any CPU
		{DDEFD2AE-FAA7-44FC-9738-5AC6958D8040}.Debug|x86.ActiveCfg = Debug|Any CPU
		{DDEFD2AE-FAA7-44FC-9738-5AC6958D8040}.Debug|x86.Build.0 = Debug|Any CPU
		{DDEFD2AE-FAA7-44FC-9738-5AC6958D8040}.Release|Any CPU.ActiveCfg = Release|Any CPU
		{DDEFD2AE-FAA7-44FC-9738-5AC6958D8040}.Release|Any CPU.Build.0 = Release|Any CPU
		{DDEFD2AE-FAA7-44FC-9738-5AC6958D8040}.Release|x64.ActiveCfg = Release|Any CPU
		{DDEFD2AE-FAA7-44FC-9738-5AC6958D8040}.Release|x64.Build.0 = Release|Any CPU
		{DDEFD2AE-FAA7-44FC-9738-5AC6958D8040}.Release|x86.ActiveCfg = Release|Any CPU
		{DDEFD2AE-FAA7-44FC-9738-5AC6958D8040}.Release|x86.Build.0 = Release|Any CPU
		{E3FDDD0A-D642-4D16-9F7B-E21D299FE47D}.Debug|Any CPU.ActiveCfg = Debug|Any CPU
		{E3FDDD0A-D642-4D16-9F7B-E21D299FE47D}.Debug|Any CPU.Build.0 = Debug|Any CPU
		{E3FDDD0A-D642-4D16-9F7B-E21D299FE47D}.Debug|x64.ActiveCfg = Debug|Any CPU
		{E3FDDD0A-D642-4D16-9F7B-E21D299FE47D}.Debug|x64.Build.0 = Debug|Any CPU
		{E3FDDD0A-D642-4D16-9F7B-E21D299FE47D}.Debug|x86.ActiveCfg = Debug|Any CPU
		{E3FDDD0A-D642-4D16-9F7B-E21D299FE47D}.Debug|x86.Build.0 = Debug|Any CPU
		{E3FDDD0A-D642-4D16-9F7B-E21D299FE47D}.Release|Any CPU.ActiveCfg = Release|Any CPU
		{E3FDDD0A-D642-4D16-9F7B-E21D299FE47D}.Release|Any CPU.Build.0 = Release|Any CPU
		{E3FDDD0A-D642-4D16-9F7B-E21D299FE47D}.Release|x64.ActiveCfg = Release|Any CPU
		{E3FDDD0A-D642-4D16-9F7B-E21D299FE47D}.Release|x64.Build.0 = Release|Any CPU
		{E3FDDD0A-D642-4D16-9F7B-E21D299FE47D}.Release|x86.ActiveCfg = Release|Any CPU
		{E3FDDD0A-D642-4D16-9F7B-E21D299FE47D}.Release|x86.Build.0 = Release|Any CPU
		{0E5417FE-A3EF-4C6E-B25E-6AF853FD7A7A}.Debug|Any CPU.ActiveCfg = Debug|Any CPU
		{0E5417FE-A3EF-4C6E-B25E-6AF853FD7A7A}.Debug|Any CPU.Build.0 = Debug|Any CPU
		{0E5417FE-A3EF-4C6E-B25E-6AF853FD7A7A}.Debug|x64.ActiveCfg = Debug|Any CPU
		{0E5417FE-A3EF-4C6E-B25E-6AF853FD7A7A}.Debug|x64.Build.0 = Debug|Any CPU
		{0E5417FE-A3EF-4C6E-B25E-6AF853FD7A7A}.Debug|x86.ActiveCfg = Debug|Any CPU
		{0E5417FE-A3EF-4C6E-B25E-6AF853FD7A7A}.Debug|x86.Build.0 = Debug|Any CPU
		{0E5417FE-A3EF-4C6E-B25E-6AF853FD7A7A}.Release|Any CPU.ActiveCfg = Release|Any CPU
		{0E5417FE-A3EF-4C6E-B25E-6AF853FD7A7A}.Release|Any CPU.Build.0 = Release|Any CPU
		{0E5417FE-A3EF-4C6E-B25E-6AF853FD7A7A}.Release|x64.ActiveCfg = Release|Any CPU
		{0E5417FE-A3EF-4C6E-B25E-6AF853FD7A7A}.Release|x64.Build.0 = Release|Any CPU
		{0E5417FE-A3EF-4C6E-B25E-6AF853FD7A7A}.Release|x86.ActiveCfg = Release|Any CPU
		{0E5417FE-A3EF-4C6E-B25E-6AF853FD7A7A}.Release|x86.Build.0 = Release|Any CPU
		{56854462-2BFB-4423-988E-819F7ED185FE}.Debug|Any CPU.ActiveCfg = Debug|Any CPU
		{56854462-2BFB-4423-988E-819F7ED185FE}.Debug|Any CPU.Build.0 = Debug|Any CPU
		{56854462-2BFB-4423-988E-819F7ED185FE}.Debug|x64.ActiveCfg = Debug|Any CPU
		{56854462-2BFB-4423-988E-819F7ED185FE}.Debug|x64.Build.0 = Debug|Any CPU
		{56854462-2BFB-4423-988E-819F7ED185FE}.Debug|x86.ActiveCfg = Debug|Any CPU
		{56854462-2BFB-4423-988E-819F7ED185FE}.Debug|x86.Build.0 = Debug|Any CPU
		{56854462-2BFB-4423-988E-819F7ED185FE}.Release|Any CPU.ActiveCfg = Release|Any CPU
		{56854462-2BFB-4423-988E-819F7ED185FE}.Release|Any CPU.Build.0 = Release|Any CPU
		{56854462-2BFB-4423-988E-819F7ED185FE}.Release|x64.ActiveCfg = Release|Any CPU
		{56854462-2BFB-4423-988E-819F7ED185FE}.Release|x64.Build.0 = Release|Any CPU
		{56854462-2BFB-4423-988E-819F7ED185FE}.Release|x86.ActiveCfg = Release|Any CPU
		{56854462-2BFB-4423-988E-819F7ED185FE}.Release|x86.Build.0 = Release|Any CPU
		{6D36F75B-B557-4717-9EA6-1F7A56631BCB}.Debug|Any CPU.ActiveCfg = Debug|Any CPU
		{6D36F75B-B557-4717-9EA6-1F7A56631BCB}.Debug|Any CPU.Build.0 = Debug|Any CPU
		{6D36F75B-B557-4717-9EA6-1F7A56631BCB}.Debug|x64.ActiveCfg = Debug|Any CPU
		{6D36F75B-B557-4717-9EA6-1F7A56631BCB}.Debug|x64.Build.0 = Debug|Any CPU
		{6D36F75B-B557-4717-9EA6-1F7A56631BCB}.Debug|x86.ActiveCfg = Debug|Any CPU
		{6D36F75B-B557-4717-9EA6-1F7A56631BCB}.Debug|x86.Build.0 = Debug|Any CPU
		{6D36F75B-B557-4717-9EA6-1F7A56631BCB}.Release|Any CPU.ActiveCfg = Release|Any CPU
		{6D36F75B-B557-4717-9EA6-1F7A56631BCB}.Release|Any CPU.Build.0 = Release|Any CPU
		{6D36F75B-B557-4717-9EA6-1F7A56631BCB}.Release|x64.ActiveCfg = Release|Any CPU
		{6D36F75B-B557-4717-9EA6-1F7A56631BCB}.Release|x64.Build.0 = Release|Any CPU
		{6D36F75B-B557-4717-9EA6-1F7A56631BCB}.Release|x86.ActiveCfg = Release|Any CPU
		{6D36F75B-B557-4717-9EA6-1F7A56631BCB}.Release|x86.Build.0 = Release|Any CPU
		{83F86A08-8D9C-4F55-84F6-ACF1FEDF5853}.Debug|Any CPU.ActiveCfg = Debug|Any CPU
		{83F86A08-8D9C-4F55-84F6-ACF1FEDF5853}.Debug|Any CPU.Build.0 = Debug|Any CPU
		{83F86A08-8D9C-4F55-84F6-ACF1FEDF5853}.Debug|x64.ActiveCfg = Debug|Any CPU
		{83F86A08-8D9C-4F55-84F6-ACF1FEDF5853}.Debug|x64.Build.0 = Debug|Any CPU
		{83F86A08-8D9C-4F55-84F6-ACF1FEDF5853}.Debug|x86.ActiveCfg = Debug|Any CPU
		{83F86A08-8D9C-4F55-84F6-ACF1FEDF5853}.Debug|x86.Build.0 = Debug|Any CPU
		{83F86A08-8D9C-4F55-84F6-ACF1FEDF5853}.Release|Any CPU.ActiveCfg = Release|Any CPU
		{83F86A08-8D9C-4F55-84F6-ACF1FEDF5853}.Release|Any CPU.Build.0 = Release|Any CPU
		{83F86A08-8D9C-4F55-84F6-ACF1FEDF5853}.Release|x64.ActiveCfg = Release|Any CPU
		{83F86A08-8D9C-4F55-84F6-ACF1FEDF5853}.Release|x64.Build.0 = Release|Any CPU
		{83F86A08-8D9C-4F55-84F6-ACF1FEDF5853}.Release|x86.ActiveCfg = Release|Any CPU
		{83F86A08-8D9C-4F55-84F6-ACF1FEDF5853}.Release|x86.Build.0 = Release|Any CPU
		{942C0C05-4D36-4D6F-A9C4-D0EF9DC04D71}.Debug|Any CPU.ActiveCfg = Debug|Any CPU
		{942C0C05-4D36-4D6F-A9C4-D0EF9DC04D71}.Debug|Any CPU.Build.0 = Debug|Any CPU
		{942C0C05-4D36-4D6F-A9C4-D0EF9DC04D71}.Debug|x64.ActiveCfg = Debug|Any CPU
		{942C0C05-4D36-4D6F-A9C4-D0EF9DC04D71}.Debug|x64.Build.0 = Debug|Any CPU
		{942C0C05-4D36-4D6F-A9C4-D0EF9DC04D71}.Debug|x86.ActiveCfg = Debug|Any CPU
		{942C0C05-4D36-4D6F-A9C4-D0EF9DC04D71}.Debug|x86.Build.0 = Debug|Any CPU
		{942C0C05-4D36-4D6F-A9C4-D0EF9DC04D71}.Release|Any CPU.ActiveCfg = Release|Any CPU
		{942C0C05-4D36-4D6F-A9C4-D0EF9DC04D71}.Release|Any CPU.Build.0 = Release|Any CPU
		{942C0C05-4D36-4D6F-A9C4-D0EF9DC04D71}.Release|x64.ActiveCfg = Release|Any CPU
		{942C0C05-4D36-4D6F-A9C4-D0EF9DC04D71}.Release|x64.Build.0 = Release|Any CPU
		{942C0C05-4D36-4D6F-A9C4-D0EF9DC04D71}.Release|x86.ActiveCfg = Release|Any CPU
		{942C0C05-4D36-4D6F-A9C4-D0EF9DC04D71}.Release|x86.Build.0 = Release|Any CPU
		{5CAB9A77-A696-4EFF-8096-8257834E41E7}.Debug|Any CPU.ActiveCfg = Debug|Any CPU
		{5CAB9A77-A696-4EFF-8096-8257834E41E7}.Debug|Any CPU.Build.0 = Debug|Any CPU
		{5CAB9A77-A696-4EFF-8096-8257834E41E7}.Debug|x64.ActiveCfg = Debug|Any CPU
		{5CAB9A77-A696-4EFF-8096-8257834E41E7}.Debug|x64.Build.0 = Debug|Any CPU
		{5CAB9A77-A696-4EFF-8096-8257834E41E7}.Debug|x86.ActiveCfg = Debug|Any CPU
		{5CAB9A77-A696-4EFF-8096-8257834E41E7}.Debug|x86.Build.0 = Debug|Any CPU
		{5CAB9A77-A696-4EFF-8096-8257834E41E7}.Release|Any CPU.ActiveCfg = Release|Any CPU
		{5CAB9A77-A696-4EFF-8096-8257834E41E7}.Release|Any CPU.Build.0 = Release|Any CPU
		{5CAB9A77-A696-4EFF-8096-8257834E41E7}.Release|x64.ActiveCfg = Release|Any CPU
		{5CAB9A77-A696-4EFF-8096-8257834E41E7}.Release|x64.Build.0 = Release|Any CPU
		{5CAB9A77-A696-4EFF-8096-8257834E41E7}.Release|x86.ActiveCfg = Release|Any CPU
		{5CAB9A77-A696-4EFF-8096-8257834E41E7}.Release|x86.Build.0 = Release|Any CPU
		{0CDBF34D-728D-4ED2-B303-1E70E2214C57}.Debug|Any CPU.ActiveCfg = Debug|Any CPU
		{0CDBF34D-728D-4ED2-B303-1E70E2214C57}.Debug|Any CPU.Build.0 = Debug|Any CPU
		{0CDBF34D-728D-4ED2-B303-1E70E2214C57}.Debug|x64.ActiveCfg = Debug|Any CPU
		{0CDBF34D-728D-4ED2-B303-1E70E2214C57}.Debug|x64.Build.0 = Debug|Any CPU
		{0CDBF34D-728D-4ED2-B303-1E70E2214C57}.Debug|x86.ActiveCfg = Debug|Any CPU
		{0CDBF34D-728D-4ED2-B303-1E70E2214C57}.Debug|x86.Build.0 = Debug|Any CPU
		{0CDBF34D-728D-4ED2-B303-1E70E2214C57}.Release|Any CPU.ActiveCfg = Release|Any CPU
		{0CDBF34D-728D-4ED2-B303-1E70E2214C57}.Release|Any CPU.Build.0 = Release|Any CPU
		{0CDBF34D-728D-4ED2-B303-1E70E2214C57}.Release|x64.ActiveCfg = Release|Any CPU
		{0CDBF34D-728D-4ED2-B303-1E70E2214C57}.Release|x64.Build.0 = Release|Any CPU
		{0CDBF34D-728D-4ED2-B303-1E70E2214C57}.Release|x86.ActiveCfg = Release|Any CPU
		{0CDBF34D-728D-4ED2-B303-1E70E2214C57}.Release|x86.Build.0 = Release|Any CPU
		{27DDC5B2-DBE6-488D-A53C-39A6AE0A99A5}.Debug|Any CPU.ActiveCfg = Debug|Any CPU
		{27DDC5B2-DBE6-488D-A53C-39A6AE0A99A5}.Debug|Any CPU.Build.0 = Debug|Any CPU
		{27DDC5B2-DBE6-488D-A53C-39A6AE0A99A5}.Debug|x64.ActiveCfg = Debug|Any CPU
		{27DDC5B2-DBE6-488D-A53C-39A6AE0A99A5}.Debug|x64.Build.0 = Debug|Any CPU
		{27DDC5B2-DBE6-488D-A53C-39A6AE0A99A5}.Debug|x86.ActiveCfg = Debug|Any CPU
		{27DDC5B2-DBE6-488D-A53C-39A6AE0A99A5}.Debug|x86.Build.0 = Debug|Any CPU
		{27DDC5B2-DBE6-488D-A53C-39A6AE0A99A5}.Release|Any CPU.ActiveCfg = Release|Any CPU
		{27DDC5B2-DBE6-488D-A53C-39A6AE0A99A5}.Release|Any CPU.Build.0 = Release|Any CPU
		{27DDC5B2-DBE6-488D-A53C-39A6AE0A99A5}.Release|x64.ActiveCfg = Release|Any CPU
		{27DDC5B2-DBE6-488D-A53C-39A6AE0A99A5}.Release|x64.Build.0 = Release|Any CPU
		{27DDC5B2-DBE6-488D-A53C-39A6AE0A99A5}.Release|x86.ActiveCfg = Release|Any CPU
		{27DDC5B2-DBE6-488D-A53C-39A6AE0A99A5}.Release|x86.Build.0 = Release|Any CPU
		{578FD090-9632-4F23-AF35-BDEB4FB833CF}.Debug|Any CPU.ActiveCfg = Debug|Any CPU
		{578FD090-9632-4F23-AF35-BDEB4FB833CF}.Debug|Any CPU.Build.0 = Debug|Any CPU
		{578FD090-9632-4F23-AF35-BDEB4FB833CF}.Debug|x64.ActiveCfg = Debug|Any CPU
		{578FD090-9632-4F23-AF35-BDEB4FB833CF}.Debug|x64.Build.0 = Debug|Any CPU
		{578FD090-9632-4F23-AF35-BDEB4FB833CF}.Debug|x86.ActiveCfg = Debug|Any CPU
		{578FD090-9632-4F23-AF35-BDEB4FB833CF}.Debug|x86.Build.0 = Debug|Any CPU
		{578FD090-9632-4F23-AF35-BDEB4FB833CF}.Release|Any CPU.ActiveCfg = Release|Any CPU
		{578FD090-9632-4F23-AF35-BDEB4FB833CF}.Release|Any CPU.Build.0 = Release|Any CPU
		{578FD090-9632-4F23-AF35-BDEB4FB833CF}.Release|x64.ActiveCfg = Release|Any CPU
		{578FD090-9632-4F23-AF35-BDEB4FB833CF}.Release|x64.Build.0 = Release|Any CPU
		{578FD090-9632-4F23-AF35-BDEB4FB833CF}.Release|x86.ActiveCfg = Release|Any CPU
		{578FD090-9632-4F23-AF35-BDEB4FB833CF}.Release|x86.Build.0 = Release|Any CPU
		{44EA53E9-D6A2-4DC5-A4FA-19BFB9F1FC1D}.Debug|Any CPU.ActiveCfg = Debug|Any CPU
		{44EA53E9-D6A2-4DC5-A4FA-19BFB9F1FC1D}.Debug|Any CPU.Build.0 = Debug|Any CPU
		{44EA53E9-D6A2-4DC5-A4FA-19BFB9F1FC1D}.Debug|x64.ActiveCfg = Debug|Any CPU
		{44EA53E9-D6A2-4DC5-A4FA-19BFB9F1FC1D}.Debug|x64.Build.0 = Debug|Any CPU
		{44EA53E9-D6A2-4DC5-A4FA-19BFB9F1FC1D}.Debug|x86.ActiveCfg = Debug|Any CPU
		{44EA53E9-D6A2-4DC5-A4FA-19BFB9F1FC1D}.Debug|x86.Build.0 = Debug|Any CPU
		{44EA53E9-D6A2-4DC5-A4FA-19BFB9F1FC1D}.Release|Any CPU.ActiveCfg = Release|Any CPU
		{44EA53E9-D6A2-4DC5-A4FA-19BFB9F1FC1D}.Release|Any CPU.Build.0 = Release|Any CPU
		{44EA53E9-D6A2-4DC5-A4FA-19BFB9F1FC1D}.Release|x64.ActiveCfg = Release|Any CPU
		{44EA53E9-D6A2-4DC5-A4FA-19BFB9F1FC1D}.Release|x64.Build.0 = Release|Any CPU
		{44EA53E9-D6A2-4DC5-A4FA-19BFB9F1FC1D}.Release|x86.ActiveCfg = Release|Any CPU
		{44EA53E9-D6A2-4DC5-A4FA-19BFB9F1FC1D}.Release|x86.Build.0 = Release|Any CPU
		{FAC21051-D5A3-46E2-B1C6-B4C3D06A8EBE}.Debug|Any CPU.ActiveCfg = Debug|Any CPU
		{FAC21051-D5A3-46E2-B1C6-B4C3D06A8EBE}.Debug|Any CPU.Build.0 = Debug|Any CPU
		{FAC21051-D5A3-46E2-B1C6-B4C3D06A8EBE}.Debug|x64.ActiveCfg = Debug|Any CPU
		{FAC21051-D5A3-46E2-B1C6-B4C3D06A8EBE}.Debug|x64.Build.0 = Debug|Any CPU
		{FAC21051-D5A3-46E2-B1C6-B4C3D06A8EBE}.Debug|x86.ActiveCfg = Debug|Any CPU
		{FAC21051-D5A3-46E2-B1C6-B4C3D06A8EBE}.Debug|x86.Build.0 = Debug|Any CPU
		{FAC21051-D5A3-46E2-B1C6-B4C3D06A8EBE}.Release|Any CPU.ActiveCfg = Release|Any CPU
		{FAC21051-D5A3-46E2-B1C6-B4C3D06A8EBE}.Release|Any CPU.Build.0 = Release|Any CPU
		{FAC21051-D5A3-46E2-B1C6-B4C3D06A8EBE}.Release|x64.ActiveCfg = Release|Any CPU
		{FAC21051-D5A3-46E2-B1C6-B4C3D06A8EBE}.Release|x64.Build.0 = Release|Any CPU
		{FAC21051-D5A3-46E2-B1C6-B4C3D06A8EBE}.Release|x86.ActiveCfg = Release|Any CPU
		{FAC21051-D5A3-46E2-B1C6-B4C3D06A8EBE}.Release|x86.Build.0 = Release|Any CPU
		{6C91A484-70D6-40B6-8B05-301655F56892}.Debug|Any CPU.ActiveCfg = Debug|Any CPU
		{6C91A484-70D6-40B6-8B05-301655F56892}.Debug|Any CPU.Build.0 = Debug|Any CPU
		{6C91A484-70D6-40B6-8B05-301655F56892}.Debug|x64.ActiveCfg = Debug|Any CPU
		{6C91A484-70D6-40B6-8B05-301655F56892}.Debug|x64.Build.0 = Debug|Any CPU
		{6C91A484-70D6-40B6-8B05-301655F56892}.Debug|x86.ActiveCfg = Debug|Any CPU
		{6C91A484-70D6-40B6-8B05-301655F56892}.Debug|x86.Build.0 = Debug|Any CPU
		{6C91A484-70D6-40B6-8B05-301655F56892}.Release|Any CPU.ActiveCfg = Release|Any CPU
		{6C91A484-70D6-40B6-8B05-301655F56892}.Release|Any CPU.Build.0 = Release|Any CPU
		{6C91A484-70D6-40B6-8B05-301655F56892}.Release|x64.ActiveCfg = Release|Any CPU
		{6C91A484-70D6-40B6-8B05-301655F56892}.Release|x64.Build.0 = Release|Any CPU
		{6C91A484-70D6-40B6-8B05-301655F56892}.Release|x86.ActiveCfg = Release|Any CPU
		{6C91A484-70D6-40B6-8B05-301655F56892}.Release|x86.Build.0 = Release|Any CPU
		{58594B92-A295-4CF6-B38E-2E27108D9791}.Debug|Any CPU.ActiveCfg = Debug|Any CPU
		{58594B92-A295-4CF6-B38E-2E27108D9791}.Debug|Any CPU.Build.0 = Debug|Any CPU
		{58594B92-A295-4CF6-B38E-2E27108D9791}.Debug|x64.ActiveCfg = Debug|Any CPU
		{58594B92-A295-4CF6-B38E-2E27108D9791}.Debug|x64.Build.0 = Debug|Any CPU
		{58594B92-A295-4CF6-B38E-2E27108D9791}.Debug|x86.ActiveCfg = Debug|Any CPU
		{58594B92-A295-4CF6-B38E-2E27108D9791}.Debug|x86.Build.0 = Debug|Any CPU
		{58594B92-A295-4CF6-B38E-2E27108D9791}.Release|Any CPU.ActiveCfg = Release|Any CPU
		{58594B92-A295-4CF6-B38E-2E27108D9791}.Release|Any CPU.Build.0 = Release|Any CPU
		{58594B92-A295-4CF6-B38E-2E27108D9791}.Release|x64.ActiveCfg = Release|Any CPU
		{58594B92-A295-4CF6-B38E-2E27108D9791}.Release|x64.Build.0 = Release|Any CPU
		{58594B92-A295-4CF6-B38E-2E27108D9791}.Release|x86.ActiveCfg = Release|Any CPU
		{58594B92-A295-4CF6-B38E-2E27108D9791}.Release|x86.Build.0 = Release|Any CPU
	EndGlobalSection
	GlobalSection(SolutionProperties) = preSolution
		HideSolutionNode = FALSE
	EndGlobalSection
	GlobalSection(NestedProjects) = preSolution
		{BF0163D0-D479-4FE4-A0DA-23DF26218EA6} = {D2F8BB0D-5C2B-429E-B5DD-F91702E9B9B4}
		{1DC36C26-2D06-4CC8-B423-FF391D35221A} = {D2F8BB0D-5C2B-429E-B5DD-F91702E9B9B4}
		{E2573598-6A09-47EB-8B66-858F9E4F80C9} = {D2F8BB0D-5C2B-429E-B5DD-F91702E9B9B4}
		{D0126EFE-71ED-4833-B2A9-844E9A1AC8BB} = {D2F8BB0D-5C2B-429E-B5DD-F91702E9B9B4}
		{43B9E3DD-3057-4407-B576-6D486EF8D141} = {D2F8BB0D-5C2B-429E-B5DD-F91702E9B9B4}
		{A81A75C8-A5FA-4969-A358-1B719B65FB10} = {D2F8BB0D-5C2B-429E-B5DD-F91702E9B9B4}
		{DDEFD2AE-FAA7-44FC-9738-5AC6958D8040} = {D2F8BB0D-5C2B-429E-B5DD-F91702E9B9B4}
		{E3FDDD0A-D642-4D16-9F7B-E21D299FE47D} = {D2F8BB0D-5C2B-429E-B5DD-F91702E9B9B4}
		{0E5417FE-A3EF-4C6E-B25E-6AF853FD7A7A} = {D2F8BB0D-5C2B-429E-B5DD-F91702E9B9B4}
		{56854462-2BFB-4423-988E-819F7ED185FE} = {D2F8BB0D-5C2B-429E-B5DD-F91702E9B9B4}
		{6D36F75B-B557-4717-9EA6-1F7A56631BCB} = {D2F8BB0D-5C2B-429E-B5DD-F91702E9B9B4}
		{83F86A08-8D9C-4F55-84F6-ACF1FEDF5853} = {D2F8BB0D-5C2B-429E-B5DD-F91702E9B9B4}
		{942C0C05-4D36-4D6F-A9C4-D0EF9DC04D71} = {D2F8BB0D-5C2B-429E-B5DD-F91702E9B9B4}
		{5CAB9A77-A696-4EFF-8096-8257834E41E7} = {D2F8BB0D-5C2B-429E-B5DD-F91702E9B9B4}
		{0CDBF34D-728D-4ED2-B303-1E70E2214C57} = {D2F8BB0D-5C2B-429E-B5DD-F91702E9B9B4}
		{27DDC5B2-DBE6-488D-A53C-39A6AE0A99A5} = {D2F8BB0D-5C2B-429E-B5DD-F91702E9B9B4}
		{578FD090-9632-4F23-AF35-BDEB4FB833CF} = {D2F8BB0D-5C2B-429E-B5DD-F91702E9B9B4}
		{44EA53E9-D6A2-4DC5-A4FA-19BFB9F1FC1D} = {D2F8BB0D-5C2B-429E-B5DD-F91702E9B9B4}
		{FAC21051-D5A3-46E2-B1C6-B4C3D06A8EBE} = {D2F8BB0D-5C2B-429E-B5DD-F91702E9B9B4}
		{6C91A484-70D6-40B6-8B05-301655F56892} = {D2F8BB0D-5C2B-429E-B5DD-F91702E9B9B4}
		{58594B92-A295-4CF6-B38E-2E27108D9791} = {D2F8BB0D-5C2B-429E-B5DD-F91702E9B9B4}
	EndGlobalSection
	GlobalSection(ExtensibilityGlobals) = postSolution
		SolutionGuid = {769A303D-9EBE-4235-BF7D-F5A9171E2430}
	EndGlobalSection
EndGlobal
